{
  "name": "tomagatchi",
  "lockfileVersion": 2,
  "requires": true,
  "packages": {
    "": {
      "dependencies": {
        "easytimer.js": "^4.3.1"
      }
    },
    "node_modules/easytimer.js": {
      "version": "4.3.1",
      "resolved": "https://registry.npmjs.org/easytimer.js/-/easytimer.js-4.3.1.tgz",
      "integrity": "sha512-JnYGv59yQnPHHygHJE4+jvIag2IGjJMVjl4KH/jj3hJzr+oNZ75buaPtLZfdYYxStd3JyRki4Kofx4noND19pA=="
    }
  },
  "dependencies": {
    "easytimer.js": {
      "version": "4.3.1",
      "resolved": "https://registry.npmjs.org/easytimer.js/-/easytimer.js-4.3.1.tgz",
      "integrity": "sha512-JnYGv59yQnPHHygHJE4+jvIag2IGjJMVjl4KH/jj3hJzr+oNZ75buaPtLZfdYYxStd3JyRki4Kofx4noND19pA=="
    }
  }
}
